# This file is automatically @generated by Cargo.
# It is not intended for manual editing.
[[package]]
name = "aho-corasick"
version = "0.7.13"
source = "registry+https://github.com/rust-lang/crates.io-index"
dependencies = [
 "memchr 2.3.3 (registry+https://github.com/rust-lang/crates.io-index)",
]

[[package]]
name = "alsa"
version = "0.4.2"
source = "registry+https://github.com/rust-lang/crates.io-index"
dependencies = [
 "alsa-sys 0.3.0 (registry+https://github.com/rust-lang/crates.io-index)",
 "bitflags 1.2.1 (registry+https://github.com/rust-lang/crates.io-index)",
 "libc 0.2.79 (registry+https://github.com/rust-lang/crates.io-index)",
 "nix 0.15.0 (registry+https://github.com/rust-lang/crates.io-index)",
]

[[package]]
name = "alsa-sys"
version = "0.3.0"
source = "registry+https://github.com/rust-lang/crates.io-index"
dependencies = [
 "libc 0.2.79 (registry+https://github.com/rust-lang/crates.io-index)",
 "pkg-config 0.3.18 (registry+https://github.com/rust-lang/crates.io-index)",
]

[[package]]
name = "bindgen"
version = "0.53.3"
source = "registry+https://github.com/rust-lang/crates.io-index"
dependencies = [
 "bitflags 1.2.1 (registry+https://github.com/rust-lang/crates.io-index)",
 "cexpr 0.4.0 (registry+https://github.com/rust-lang/crates.io-index)",
 "cfg-if 0.1.10 (registry+https://github.com/rust-lang/crates.io-index)",
 "clang-sys 0.29.3 (registry+https://github.com/rust-lang/crates.io-index)",
 "lazy_static 1.4.0 (registry+https://github.com/rust-lang/crates.io-index)",
 "lazycell 1.3.0 (registry+https://github.com/rust-lang/crates.io-index)",
 "peeking_take_while 0.1.2 (registry+https://github.com/rust-lang/crates.io-index)",
 "proc-macro2 1.0.24 (registry+https://github.com/rust-lang/crates.io-index)",
 "quote 1.0.7 (registry+https://github.com/rust-lang/crates.io-index)",
 "regex 1.3.9 (registry+https://github.com/rust-lang/crates.io-index)",
 "rustc-hash 1.1.0 (registry+https://github.com/rust-lang/crates.io-index)",
 "shlex 0.1.1 (registry+https://github.com/rust-lang/crates.io-index)",
]

[[package]]
name = "bindgen"
version = "0.54.0"
source = "registry+https://github.com/rust-lang/crates.io-index"
dependencies = [
 "bitflags 1.2.1 (registry+https://github.com/rust-lang/crates.io-index)",
 "cexpr 0.4.0 (registry+https://github.com/rust-lang/crates.io-index)",
 "cfg-if 0.1.10 (registry+https://github.com/rust-lang/crates.io-index)",
 "clang-sys 0.29.3 (registry+https://github.com/rust-lang/crates.io-index)",
 "lazy_static 1.4.0 (registry+https://github.com/rust-lang/crates.io-index)",
 "lazycell 1.3.0 (registry+https://github.com/rust-lang/crates.io-index)",
 "peeking_take_while 0.1.2 (registry+https://github.com/rust-lang/crates.io-index)",
 "proc-macro2 1.0.24 (registry+https://github.com/rust-lang/crates.io-index)",
 "quote 1.0.7 (registry+https://github.com/rust-lang/crates.io-index)",
 "regex 1.3.9 (registry+https://github.com/rust-lang/crates.io-index)",
 "rustc-hash 1.1.0 (registry+https://github.com/rust-lang/crates.io-index)",
 "shlex 0.1.1 (registry+https://github.com/rust-lang/crates.io-index)",
]

[[package]]
name = "bitflags"
version = "1.2.1"
source = "registry+https://github.com/rust-lang/crates.io-index"

[[package]]
name = "bumpalo"
version = "3.4.0"
source = "registry+https://github.com/rust-lang/crates.io-index"

[[package]]
name = "cc"
version = "1.0.60"
source = "registry+https://github.com/rust-lang/crates.io-index"

[[package]]
name = "cexpr"
version = "0.4.0"
source = "registry+https://github.com/rust-lang/crates.io-index"
dependencies = [
 "nom 5.1.2 (registry+https://github.com/rust-lang/crates.io-index)",
]

[[package]]
name = "cfg-if"
version = "0.1.10"
source = "registry+https://github.com/rust-lang/crates.io-index"

[[package]]
name = "cfg-if"
version = "1.0.0"
source = "registry+https://github.com/rust-lang/crates.io-index"

[[package]]
name = "clang-sys"
version = "0.29.3"
source = "registry+https://github.com/rust-lang/crates.io-index"
dependencies = [
 "glob 0.3.0 (registry+https://github.com/rust-lang/crates.io-index)",
 "libc 0.2.79 (registry+https://github.com/rust-lang/crates.io-index)",
 "libloading 0.5.2 (registry+https://github.com/rust-lang/crates.io-index)",
]

[[package]]
name = "claxon"
version = "0.4.3"
source = "registry+https://github.com/rust-lang/crates.io-index"

[[package]]
name = "cloudabi"
version = "0.0.3"
source = "registry+https://github.com/rust-lang/crates.io-index"
dependencies = [
 "bitflags 1.2.1 (registry+https://github.com/rust-lang/crates.io-index)",
]

[[package]]
name = "core-foundation-sys"
version = "0.6.2"
source = "registry+https://github.com/rust-lang/crates.io-index"

[[package]]
name = "coreaudio-rs"
version = "0.9.1"
source = "registry+https://github.com/rust-lang/crates.io-index"
dependencies = [
 "bitflags 1.2.1 (registry+https://github.com/rust-lang/crates.io-index)",
 "coreaudio-sys 0.2.5 (registry+https://github.com/rust-lang/crates.io-index)",
]

[[package]]
name = "coreaudio-sys"
version = "0.2.5"
source = "registry+https://github.com/rust-lang/crates.io-index"
dependencies = [
 "bindgen 0.53.3 (registry+https://github.com/rust-lang/crates.io-index)",
]

[[package]]
name = "cpal"
version = "0.12.1"
source = "git+https://github.com/RustAudio/cpal#a77758968ffac7c284422dcab5459e3de1e900c7"
dependencies = [
 "alsa 0.4.2 (registry+https://github.com/rust-lang/crates.io-index)",
 "core-foundation-sys 0.6.2 (registry+https://github.com/rust-lang/crates.io-index)",
 "coreaudio-rs 0.9.1 (registry+https://github.com/rust-lang/crates.io-index)",
 "js-sys 0.3.45 (registry+https://github.com/rust-lang/crates.io-index)",
 "lazy_static 1.4.0 (registry+https://github.com/rust-lang/crates.io-index)",
 "libc 0.2.79 (registry+https://github.com/rust-lang/crates.io-index)",
 "mach 0.3.2 (registry+https://github.com/rust-lang/crates.io-index)",
 "nix 0.15.0 (registry+https://github.com/rust-lang/crates.io-index)",
 "parking_lot 0.9.0 (registry+https://github.com/rust-lang/crates.io-index)",
 "stdweb 0.1.3 (registry+https://github.com/rust-lang/crates.io-index)",
 "thiserror 1.0.21 (registry+https://github.com/rust-lang/crates.io-index)",
 "web-sys 0.3.45 (registry+https://github.com/rust-lang/crates.io-index)",
 "winapi 0.3.9 (registry+https://github.com/rust-lang/crates.io-index)",
]

[[package]]
name = "cslice"
version = "0.2.0"
source = "registry+https://github.com/rust-lang/crates.io-index"

[[package]]
name = "curl"
version = "0.4.33"
source = "registry+https://github.com/rust-lang/crates.io-index"
dependencies = [
 "curl-sys 0.4.36+curl-7.71.1 (registry+https://github.com/rust-lang/crates.io-index)",
 "libc 0.2.79 (registry+https://github.com/rust-lang/crates.io-index)",
 "schannel 0.1.19 (registry+https://github.com/rust-lang/crates.io-index)",
 "socket2 0.3.15 (registry+https://github.com/rust-lang/crates.io-index)",
 "winapi 0.3.9 (registry+https://github.com/rust-lang/crates.io-index)",
]

[[package]]
name = "curl-sys"
version = "0.4.36+curl-7.71.1"
source = "registry+https://github.com/rust-lang/crates.io-index"
dependencies = [
 "cc 1.0.60 (registry+https://github.com/rust-lang/crates.io-index)",
 "libc 0.2.79 (registry+https://github.com/rust-lang/crates.io-index)",
 "libz-sys 1.1.2 (registry+https://github.com/rust-lang/crates.io-index)",
 "pkg-config 0.3.18 (registry+https://github.com/rust-lang/crates.io-index)",
 "vcpkg 0.2.10 (registry+https://github.com/rust-lang/crates.io-index)",
 "winapi 0.3.9 (registry+https://github.com/rust-lang/crates.io-index)",
]

[[package]]
name = "ep-miniaudio-sys"
version = "2.4.0"
source = "git+https://github.com/ExPixel/miniaudio-rs#d82fe846d588a8c3353ad8fa66246a7954af4e58"
dependencies = [
 "bindgen 0.54.0 (registry+https://github.com/rust-lang/crates.io-index)",
 "bitflags 1.2.1 (registry+https://github.com/rust-lang/crates.io-index)",
 "cc 1.0.60 (registry+https://github.com/rust-lang/crates.io-index)",
 "libc 0.2.79 (registry+https://github.com/rust-lang/crates.io-index)",
]

[[package]]
name = "glob"
version = "0.3.0"
source = "registry+https://github.com/rust-lang/crates.io-index"

[[package]]
name = "js-sys"
version = "0.3.45"
source = "registry+https://github.com/rust-lang/crates.io-index"
dependencies = [
 "wasm-bindgen 0.2.68 (registry+https://github.com/rust-lang/crates.io-index)",
]

[[package]]
name = "lazy_static"
version = "1.4.0"
source = "registry+https://github.com/rust-lang/crates.io-index"

[[package]]
name = "lazycell"
version = "1.3.0"
source = "registry+https://github.com/rust-lang/crates.io-index"

[[package]]
name = "libc"
version = "0.2.79"
source = "registry+https://github.com/rust-lang/crates.io-index"

[[package]]
name = "libloading"
version = "0.5.2"
source = "registry+https://github.com/rust-lang/crates.io-index"
dependencies = [
 "cc 1.0.60 (registry+https://github.com/rust-lang/crates.io-index)",
 "winapi 0.3.9 (registry+https://github.com/rust-lang/crates.io-index)",
]

[[package]]
name = "libz-sys"
version = "1.1.2"
source = "registry+https://github.com/rust-lang/crates.io-index"
dependencies = [
 "cc 1.0.60 (registry+https://github.com/rust-lang/crates.io-index)",
 "libc 0.2.79 (registry+https://github.com/rust-lang/crates.io-index)",
 "pkg-config 0.3.18 (registry+https://github.com/rust-lang/crates.io-index)",
 "vcpkg 0.2.10 (registry+https://github.com/rust-lang/crates.io-index)",
]

[[package]]
name = "lock_api"
version = "0.3.4"
source = "registry+https://github.com/rust-lang/crates.io-index"
dependencies = [
 "scopeguard 1.1.0 (registry+https://github.com/rust-lang/crates.io-index)",
]

[[package]]
name = "log"
version = "0.4.11"
source = "registry+https://github.com/rust-lang/crates.io-index"
dependencies = [
 "cfg-if 0.1.10 (registry+https://github.com/rust-lang/crates.io-index)",
]

[[package]]
name = "mach"
version = "0.3.2"
source = "registry+https://github.com/rust-lang/crates.io-index"
dependencies = [
 "libc 0.2.79 (registry+https://github.com/rust-lang/crates.io-index)",
]

[[package]]
name = "maybe-uninit"
version = "2.0.0"
source = "registry+https://github.com/rust-lang/crates.io-index"

[[package]]
name = "memchr"
version = "2.3.3"
source = "registry+https://github.com/rust-lang/crates.io-index"

[[package]]
name = "miniaudio"
version = "0.10.0"
source = "git+https://github.com/ExPixel/miniaudio-rs#d82fe846d588a8c3353ad8fa66246a7954af4e58"
dependencies = [
 "bitflags 1.2.1 (registry+https://github.com/rust-lang/crates.io-index)",
 "ep-miniaudio-sys 2.4.0 (git+https://github.com/ExPixel/miniaudio-rs)",
]

[[package]]
name = "minimp3"
version = "0.5.0"
source = "registry+https://github.com/rust-lang/crates.io-index"
dependencies = [
 "minimp3-sys 0.3.2 (registry+https://github.com/rust-lang/crates.io-index)",
 "slice-deque 0.3.0 (registry+https://github.com/rust-lang/crates.io-index)",
]

[[package]]
name = "minimp3-sys"
version = "0.3.2"
source = "registry+https://github.com/rust-lang/crates.io-index"
dependencies = [
 "cc 1.0.60 (registry+https://github.com/rust-lang/crates.io-index)",
]

[[package]]
name = "native"
version = "0.1.0"
dependencies = [
 "cfg-if 1.0.0 (registry+https://github.com/rust-lang/crates.io-index)",
 "curl 0.4.33 (registry+https://github.com/rust-lang/crates.io-index)",
 "miniaudio 0.10.0 (git+https://github.com/ExPixel/miniaudio-rs)",
 "neon 0.4.2 (git+https://github.com/neon-bindings/neon)",
 "neon-build 0.4.2 (git+https://github.com/neon-bindings/neon)",
 "rodio 0.12.0 (git+https://github.com/YXL76/rodio?branch=dev)",
 "winapi 0.3.9 (registry+https://github.com/rust-lang/crates.io-index)",
 "x11 2.18.2 (registry+https://github.com/rust-lang/crates.io-index)",
]

[[package]]
name = "neon"
version = "0.4.2"
source = "git+https://github.com/neon-bindings/neon#32f3276ded7bf137f5c45b596128dd84092e41f0"
dependencies = [
 "cslice 0.2.0 (registry+https://github.com/rust-lang/crates.io-index)",
 "neon-build 0.4.2 (git+https://github.com/neon-bindings/neon)",
 "neon-runtime 0.4.2 (git+https://github.com/neon-bindings/neon)",
 "semver 0.9.0 (registry+https://github.com/rust-lang/crates.io-index)",
 "winapi 0.3.9 (registry+https://github.com/rust-lang/crates.io-index)",
]

[[package]]
name = "neon-build"
version = "0.4.2"
source = "git+https://github.com/neon-bindings/neon#32f3276ded7bf137f5c45b596128dd84092e41f0"
dependencies = [
 "cfg-if 0.1.10 (registry+https://github.com/rust-lang/crates.io-index)",
 "neon-sys 0.4.2 (git+https://github.com/neon-bindings/neon)",
]

[[package]]
name = "neon-runtime"
version = "0.4.2"
source = "git+https://github.com/neon-bindings/neon#32f3276ded7bf137f5c45b596128dd84092e41f0"
dependencies = [
 "cfg-if 0.1.10 (registry+https://github.com/rust-lang/crates.io-index)",
 "neon-sys 0.4.2 (git+https://github.com/neon-bindings/neon)",
]

[[package]]
name = "neon-sys"
version = "0.4.2"
source = "git+https://github.com/neon-bindings/neon#32f3276ded7bf137f5c45b596128dd84092e41f0"
dependencies = [
 "cc 1.0.60 (registry+https://github.com/rust-lang/crates.io-index)",
 "regex 1.3.9 (registry+https://github.com/rust-lang/crates.io-index)",
]

[[package]]
name = "nix"
version = "0.15.0"
source = "registry+https://github.com/rust-lang/crates.io-index"
dependencies = [
 "bitflags 1.2.1 (registry+https://github.com/rust-lang/crates.io-index)",
 "cc 1.0.60 (registry+https://github.com/rust-lang/crates.io-index)",
 "cfg-if 0.1.10 (registry+https://github.com/rust-lang/crates.io-index)",
 "libc 0.2.79 (registry+https://github.com/rust-lang/crates.io-index)",
 "void 1.0.2 (registry+https://github.com/rust-lang/crates.io-index)",
]

[[package]]
name = "nom"
version = "5.1.2"
source = "registry+https://github.com/rust-lang/crates.io-index"
dependencies = [
 "memchr 2.3.3 (registry+https://github.com/rust-lang/crates.io-index)",
 "version_check 0.9.2 (registry+https://github.com/rust-lang/crates.io-index)",
]

[[package]]
name = "parking_lot"
version = "0.9.0"
source = "registry+https://github.com/rust-lang/crates.io-index"
dependencies = [
 "lock_api 0.3.4 (registry+https://github.com/rust-lang/crates.io-index)",
 "parking_lot_core 0.6.2 (registry+https://github.com/rust-lang/crates.io-index)",
 "rustc_version 0.2.3 (registry+https://github.com/rust-lang/crates.io-index)",
]

[[package]]
name = "parking_lot_core"
version = "0.6.2"
source = "registry+https://github.com/rust-lang/crates.io-index"
dependencies = [
 "cfg-if 0.1.10 (registry+https://github.com/rust-lang/crates.io-index)",
 "cloudabi 0.0.3 (registry+https://github.com/rust-lang/crates.io-index)",
 "libc 0.2.79 (registry+https://github.com/rust-lang/crates.io-index)",
 "redox_syscall 0.1.57 (registry+https://github.com/rust-lang/crates.io-index)",
 "rustc_version 0.2.3 (registry+https://github.com/rust-lang/crates.io-index)",
 "smallvec 0.6.13 (registry+https://github.com/rust-lang/crates.io-index)",
 "winapi 0.3.9 (registry+https://github.com/rust-lang/crates.io-index)",
]

[[package]]
name = "peeking_take_while"
version = "0.1.2"
source = "registry+https://github.com/rust-lang/crates.io-index"

[[package]]
name = "pkg-config"
version = "0.3.18"
source = "registry+https://github.com/rust-lang/crates.io-index"

[[package]]
name = "proc-macro2"
version = "1.0.24"
source = "registry+https://github.com/rust-lang/crates.io-index"
dependencies = [
 "unicode-xid 0.2.1 (registry+https://github.com/rust-lang/crates.io-index)",
]

[[package]]
name = "quote"
version = "1.0.7"
source = "registry+https://github.com/rust-lang/crates.io-index"
dependencies = [
 "proc-macro2 1.0.24 (registry+https://github.com/rust-lang/crates.io-index)",
]

[[package]]
name = "redox_syscall"
version = "0.1.57"
source = "registry+https://github.com/rust-lang/crates.io-index"

[[package]]
name = "regex"
version = "1.3.9"
source = "registry+https://github.com/rust-lang/crates.io-index"
dependencies = [
 "aho-corasick 0.7.13 (registry+https://github.com/rust-lang/crates.io-index)",
 "memchr 2.3.3 (registry+https://github.com/rust-lang/crates.io-index)",
 "regex-syntax 0.6.18 (registry+https://github.com/rust-lang/crates.io-index)",
 "thread_local 1.0.1 (registry+https://github.com/rust-lang/crates.io-index)",
]

[[package]]
name = "regex-syntax"
version = "0.6.18"
source = "registry+https://github.com/rust-lang/crates.io-index"

[[package]]
name = "rodio"
version = "0.12.0"
source = "git+https://github.com/YXL76/rodio?branch=dev#0efc587b47fcfe2c27f029e1b4834d984f603e7d"
dependencies = [
 "claxon 0.4.3 (registry+https://github.com/rust-lang/crates.io-index)",
 "cpal 0.12.1 (git+https://github.com/RustAudio/cpal)",
 "minimp3 0.5.0 (registry+https://github.com/rust-lang/crates.io-index)",
]

[[package]]
name = "rustc-hash"
version = "1.1.0"
source = "registry+https://github.com/rust-lang/crates.io-index"

[[package]]
name = "rustc_version"
version = "0.2.3"
source = "registry+https://github.com/rust-lang/crates.io-index"
dependencies = [
 "semver 0.9.0 (registry+https://github.com/rust-lang/crates.io-index)",
]

[[package]]
name = "schannel"
version = "0.1.19"
source = "registry+https://github.com/rust-lang/crates.io-index"
dependencies = [
 "lazy_static 1.4.0 (registry+https://github.com/rust-lang/crates.io-index)",
 "winapi 0.3.9 (registry+https://github.com/rust-lang/crates.io-index)",
]

[[package]]
name = "scopeguard"
version = "1.1.0"
source = "registry+https://github.com/rust-lang/crates.io-index"

[[package]]
name = "semver"
version = "0.9.0"
source = "registry+https://github.com/rust-lang/crates.io-index"
dependencies = [
 "semver-parser 0.7.0 (registry+https://github.com/rust-lang/crates.io-index)",
]

[[package]]
name = "semver-parser"
version = "0.7.0"
source = "registry+https://github.com/rust-lang/crates.io-index"

[[package]]
name = "shlex"
version = "0.1.1"
source = "registry+https://github.com/rust-lang/crates.io-index"

[[package]]
name = "slice-deque"
version = "0.3.0"
source = "registry+https://github.com/rust-lang/crates.io-index"
dependencies = [
 "libc 0.2.79 (registry+https://github.com/rust-lang/crates.io-index)",
 "mach 0.3.2 (registry+https://github.com/rust-lang/crates.io-index)",
 "winapi 0.3.9 (registry+https://github.com/rust-lang/crates.io-index)",
]

[[package]]
name = "smallvec"
version = "0.6.13"
source = "registry+https://github.com/rust-lang/crates.io-index"
dependencies = [
 "maybe-uninit 2.0.0 (registry+https://github.com/rust-lang/crates.io-index)",
]

[[package]]
name = "socket2"
version = "0.3.15"
source = "registry+https://github.com/rust-lang/crates.io-index"
dependencies = [
 "cfg-if 0.1.10 (registry+https://github.com/rust-lang/crates.io-index)",
 "libc 0.2.79 (registry+https://github.com/rust-lang/crates.io-index)",
 "redox_syscall 0.1.57 (registry+https://github.com/rust-lang/crates.io-index)",
 "winapi 0.3.9 (registry+https://github.com/rust-lang/crates.io-index)",
]

[[package]]
name = "stdweb"
version = "0.1.3"
source = "registry+https://github.com/rust-lang/crates.io-index"

[[package]]
name = "syn"
version = "1.0.42"
source = "registry+https://github.com/rust-lang/crates.io-index"
dependencies = [
 "proc-macro2 1.0.24 (registry+https://github.com/rust-lang/crates.io-index)",
 "quote 1.0.7 (registry+https://github.com/rust-lang/crates.io-index)",
 "unicode-xid 0.2.1 (registry+https://github.com/rust-lang/crates.io-index)",
]

[[package]]
name = "thiserror"
version = "1.0.21"
source = "registry+https://github.com/rust-lang/crates.io-index"
dependencies = [
 "thiserror-impl 1.0.21 (registry+https://github.com/rust-lang/crates.io-index)",
]

[[package]]
name = "thiserror-impl"
version = "1.0.21"
source = "registry+https://github.com/rust-lang/crates.io-index"
dependencies = [
 "proc-macro2 1.0.24 (registry+https://github.com/rust-lang/crates.io-index)",
 "quote 1.0.7 (registry+https://github.com/rust-lang/crates.io-index)",
 "syn 1.0.42 (registry+https://github.com/rust-lang/crates.io-index)",
]

[[package]]
name = "thread_local"
version = "1.0.1"
source = "registry+https://github.com/rust-lang/crates.io-index"
dependencies = [
 "lazy_static 1.4.0 (registry+https://github.com/rust-lang/crates.io-index)",
]

[[package]]
name = "unicode-xid"
version = "0.2.1"
source = "registry+https://github.com/rust-lang/crates.io-index"

[[package]]
name = "vcpkg"
version = "0.2.10"
source = "registry+https://github.com/rust-lang/crates.io-index"

[[package]]
name = "version_check"
version = "0.9.2"
source = "registry+https://github.com/rust-lang/crates.io-index"

[[package]]
name = "void"
version = "1.0.2"
source = "registry+https://github.com/rust-lang/crates.io-index"

[[package]]
name = "wasm-bindgen"
version = "0.2.68"
source = "registry+https://github.com/rust-lang/crates.io-index"
dependencies = [
 "cfg-if 0.1.10 (registry+https://github.com/rust-lang/crates.io-index)",
 "wasm-bindgen-macro 0.2.68 (registry+https://github.com/rust-lang/crates.io-index)",
]

[[package]]
name = "wasm-bindgen-backend"
version = "0.2.68"
source = "registry+https://github.com/rust-lang/crates.io-index"
dependencies = [
 "bumpalo 3.4.0 (registry+https://github.com/rust-lang/crates.io-index)",
 "lazy_static 1.4.0 (registry+https://github.com/rust-lang/crates.io-index)",
 "log 0.4.11 (registry+https://github.com/rust-lang/crates.io-index)",
 "proc-macro2 1.0.24 (registry+https://github.com/rust-lang/crates.io-index)",
 "quote 1.0.7 (registry+https://github.com/rust-lang/crates.io-index)",
 "syn 1.0.42 (registry+https://github.com/rust-lang/crates.io-index)",
 "wasm-bindgen-shared 0.2.68 (registry+https://github.com/rust-lang/crates.io-index)",
]

[[package]]
name = "wasm-bindgen-macro"
version = "0.2.68"
source = "registry+https://github.com/rust-lang/crates.io-index"
dependencies = [
 "quote 1.0.7 (registry+https://github.com/rust-lang/crates.io-index)",
 "wasm-bindgen-macro-support 0.2.68 (registry+https://github.com/rust-lang/crates.io-index)",
]

[[package]]
name = "wasm-bindgen-macro-support"
version = "0.2.68"
source = "registry+https://github.com/rust-lang/crates.io-index"
dependencies = [
 "proc-macro2 1.0.24 (registry+https://github.com/rust-lang/crates.io-index)",
 "quote 1.0.7 (registry+https://github.com/rust-lang/crates.io-index)",
 "syn 1.0.42 (registry+https://github.com/rust-lang/crates.io-index)",
 "wasm-bindgen-backend 0.2.68 (registry+https://github.com/rust-lang/crates.io-index)",
 "wasm-bindgen-shared 0.2.68 (registry+https://github.com/rust-lang/crates.io-index)",
]

[[package]]
name = "wasm-bindgen-shared"
version = "0.2.68"
source = "registry+https://github.com/rust-lang/crates.io-index"

[[package]]
name = "web-sys"
version = "0.3.45"
source = "registry+https://github.com/rust-lang/crates.io-index"
dependencies = [
 "js-sys 0.3.45 (registry+https://github.com/rust-lang/crates.io-index)",
 "wasm-bindgen 0.2.68 (registry+https://github.com/rust-lang/crates.io-index)",
]

[[package]]
name = "winapi"
version = "0.3.9"
source = "registry+https://github.com/rust-lang/crates.io-index"
dependencies = [
 "winapi-i686-pc-windows-gnu 0.4.0 (registry+https://github.com/rust-lang/crates.io-index)",
 "winapi-x86_64-pc-windows-gnu 0.4.0 (registry+https://github.com/rust-lang/crates.io-index)",
]

[[package]]
name = "winapi-i686-pc-windows-gnu"
version = "0.4.0"
source = "registry+https://github.com/rust-lang/crates.io-index"

[[package]]
name = "winapi-x86_64-pc-windows-gnu"
version = "0.4.0"
source = "registry+https://github.com/rust-lang/crates.io-index"

[[package]]
name = "x11"
version = "2.18.2"
source = "registry+https://github.com/rust-lang/crates.io-index"
dependencies = [
 "libc 0.2.79 (registry+https://github.com/rust-lang/crates.io-index)",
 "pkg-config 0.3.18 (registry+https://github.com/rust-lang/crates.io-index)",
]

[metadata]
"checksum aho-corasick 0.7.13 (registry+https://github.com/rust-lang/crates.io-index)" = "043164d8ba5c4c3035fec9bbee8647c0261d788f3474306f93bb65901cae0e86"
"checksum alsa 0.4.2 (registry+https://github.com/rust-lang/crates.io-index)" = "44581add1add74ade32aca327b550342359ec00191672c23c1caa3d492b85930"
"checksum alsa-sys 0.3.0 (registry+https://github.com/rust-lang/crates.io-index)" = "d5a0559bcd3f7a482690d98be41c08a43e92f669b179433e95ddf5e8b8fd36a3"
"checksum bindgen 0.53.3 (registry+https://github.com/rust-lang/crates.io-index)" = "c72a978d268b1d70b0e963217e60fdabd9523a941457a6c42a7315d15c7e89e5"
"checksum bindgen 0.54.0 (registry+https://github.com/rust-lang/crates.io-index)" = "66c0bb6167449588ff70803f4127f0684f9063097eca5016f37eb52b92c2cf36"
"checksum bitflags 1.2.1 (registry+https://github.com/rust-lang/crates.io-index)" = "cf1de2fe8c75bc145a2f577add951f8134889b4795d47466a54a5c846d691693"
"checksum bumpalo 3.4.0 (registry+https://github.com/rust-lang/crates.io-index)" = "2e8c087f005730276d1096a652e92a8bacee2e2472bcc9715a74d2bec38b5820"
"checksum cc 1.0.60 (registry+https://github.com/rust-lang/crates.io-index)" = "ef611cc68ff783f18535d77ddd080185275713d852c4f5cbb6122c462a7a825c"
"checksum cexpr 0.4.0 (registry+https://github.com/rust-lang/crates.io-index)" = "f4aedb84272dbe89af497cf81375129abda4fc0a9e7c5d317498c15cc30c0d27"
"checksum cfg-if 0.1.10 (registry+https://github.com/rust-lang/crates.io-index)" = "4785bdd1c96b2a846b2bd7cc02e86b6b3dbf14e7e53446c4f54c92a361040822"
"checksum cfg-if 1.0.0 (registry+https://github.com/rust-lang/crates.io-index)" = "baf1de4339761588bc0619e3cbc0120ee582ebb74b53b4efbf79117bd2da40fd"
"checksum clang-sys 0.29.3 (registry+https://github.com/rust-lang/crates.io-index)" = "fe6837df1d5cba2397b835c8530f51723267e16abbf83892e9e5af4f0e5dd10a"
"checksum claxon 0.4.3 (registry+https://github.com/rust-lang/crates.io-index)" = "4bfbf56724aa9eca8afa4fcfadeb479e722935bb2a0900c2d37e0cc477af0688"
"checksum cloudabi 0.0.3 (registry+https://github.com/rust-lang/crates.io-index)" = "ddfc5b9aa5d4507acaf872de71051dfd0e309860e88966e1051e462a077aac4f"
"checksum core-foundation-sys 0.6.2 (registry+https://github.com/rust-lang/crates.io-index)" = "e7ca8a5221364ef15ce201e8ed2f609fc312682a8f4e0e3d4aa5879764e0fa3b"
"checksum coreaudio-rs 0.9.1 (registry+https://github.com/rust-lang/crates.io-index)" = "f229761965dad3e9b11081668a6ea00f1def7aa46062321b5ec245b834f6e491"
"checksum coreaudio-sys 0.2.5 (registry+https://github.com/rust-lang/crates.io-index)" = "d6570ee6e089131e928d5ec9236db9e818aa3cf850f48b0eec6ef700571271d4"
"checksum cpal 0.12.1 (git+https://github.com/RustAudio/cpal)" = "<none>"
"checksum cslice 0.2.0 (registry+https://github.com/rust-lang/crates.io-index)" = "697c714f50560202b1f4e2e09cd50a421881c83e9025db75d15f276616f04f40"
"checksum curl 0.4.33 (registry+https://github.com/rust-lang/crates.io-index)" = "78baca05127a115136a9898e266988fc49ca7ea2c839f60fc6e1fc9df1599168"
"checksum curl-sys 0.4.36+curl-7.71.1 (registry+https://github.com/rust-lang/crates.io-index)" = "68cad94adeb0c16558429c3c34a607acc9ea58e09a7b66310aabc9788fc5d721"
"checksum ep-miniaudio-sys 2.4.0 (git+https://github.com/ExPixel/miniaudio-rs)" = "<none>"
"checksum glob 0.3.0 (registry+https://github.com/rust-lang/crates.io-index)" = "9b919933a397b79c37e33b77bb2aa3dc8eb6e165ad809e58ff75bc7db2e34574"
"checksum js-sys 0.3.45 (registry+https://github.com/rust-lang/crates.io-index)" = "ca059e81d9486668f12d455a4ea6daa600bd408134cd17e3d3fb5a32d1f016f8"
"checksum lazy_static 1.4.0 (registry+https://github.com/rust-lang/crates.io-index)" = "e2abad23fbc42b3700f2f279844dc832adb2b2eb069b2df918f455c4e18cc646"
"checksum lazycell 1.3.0 (registry+https://github.com/rust-lang/crates.io-index)" = "830d08ce1d1d941e6b30645f1a0eb5643013d835ce3779a5fc208261dbe10f55"
"checksum libc 0.2.79 (registry+https://github.com/rust-lang/crates.io-index)" = "2448f6066e80e3bfc792e9c98bf705b4b0fc6e8ef5b43e5889aff0eaa9c58743"
"checksum libloading 0.5.2 (registry+https://github.com/rust-lang/crates.io-index)" = "f2b111a074963af1d37a139918ac6d49ad1d0d5e47f72fd55388619691a7d753"
"checksum libz-sys 1.1.2 (registry+https://github.com/rust-lang/crates.io-index)" = "602113192b08db8f38796c4e85c39e960c145965140e918018bcde1952429655"
"checksum lock_api 0.3.4 (registry+https://github.com/rust-lang/crates.io-index)" = "c4da24a77a3d8a6d4862d95f72e6fdb9c09a643ecdb402d754004a557f2bec75"
"checksum log 0.4.11 (registry+https://github.com/rust-lang/crates.io-index)" = "4fabed175da42fed1fa0746b0ea71f412aa9d35e76e95e59b192c64b9dc2bf8b"
"checksum mach 0.3.2 (registry+https://github.com/rust-lang/crates.io-index)" = "b823e83b2affd8f40a9ee8c29dbc56404c1e34cd2710921f2801e2cf29527afa"
"checksum maybe-uninit 2.0.0 (registry+https://github.com/rust-lang/crates.io-index)" = "60302e4db3a61da70c0cb7991976248362f30319e88850c487b9b95bbf059e00"
"checksum memchr 2.3.3 (registry+https://github.com/rust-lang/crates.io-index)" = "3728d817d99e5ac407411fa471ff9800a778d88a24685968b36824eaf4bee400"
"checksum miniaudio 0.10.0 (git+https://github.com/ExPixel/miniaudio-rs)" = "<none>"
"checksum minimp3 0.5.0 (registry+https://github.com/rust-lang/crates.io-index)" = "9684a8c55935322fdab159b5d7a6163b33f6e7d32c4a8a54fe53d1bcfad738db"
"checksum minimp3-sys 0.3.2 (registry+https://github.com/rust-lang/crates.io-index)" = "e21c73734c69dc95696c9ed8926a2b393171d98b3f5f5935686a26a487ab9b90"
"checksum neon 0.4.2 (git+https://github.com/neon-bindings/neon)" = "<none>"
"checksum neon-build 0.4.2 (git+https://github.com/neon-bindings/neon)" = "<none>"
"checksum neon-runtime 0.4.2 (git+https://github.com/neon-bindings/neon)" = "<none>"
"checksum neon-sys 0.4.2 (git+https://github.com/neon-bindings/neon)" = "<none>"
"checksum nix 0.15.0 (registry+https://github.com/rust-lang/crates.io-index)" = "3b2e0b4f3320ed72aaedb9a5ac838690a8047c7b275da22711fddff4f8a14229"
"checksum nom 5.1.2 (registry+https://github.com/rust-lang/crates.io-index)" = "ffb4262d26ed83a1c0a33a38fe2bb15797329c85770da05e6b828ddb782627af"
"checksum parking_lot 0.9.0 (registry+https://github.com/rust-lang/crates.io-index)" = "f842b1982eb6c2fe34036a4fbfb06dd185a3f5c8edfaacdf7d1ea10b07de6252"
"checksum parking_lot_core 0.6.2 (registry+https://github.com/rust-lang/crates.io-index)" = "b876b1b9e7ac6e1a74a6da34d25c42e17e8862aa409cbbbdcfc8d86c6f3bc62b"
"checksum peeking_take_while 0.1.2 (registry+https://github.com/rust-lang/crates.io-index)" = "19b17cddbe7ec3f8bc800887bab5e717348c95ea2ca0b1bf0837fb964dc67099"
"checksum pkg-config 0.3.18 (registry+https://github.com/rust-lang/crates.io-index)" = "d36492546b6af1463394d46f0c834346f31548646f6ba10849802c9c9a27ac33"
"checksum proc-macro2 1.0.24 (registry+https://github.com/rust-lang/crates.io-index)" = "1e0704ee1a7e00d7bb417d0770ea303c1bccbabf0ef1667dae92b5967f5f8a71"
"checksum quote 1.0.7 (registry+https://github.com/rust-lang/crates.io-index)" = "aa563d17ecb180e500da1cfd2b028310ac758de548efdd203e18f283af693f37"
"checksum redox_syscall 0.1.57 (registry+https://github.com/rust-lang/crates.io-index)" = "41cc0f7e4d5d4544e8861606a285bb08d3e70712ccc7d2b84d7c0ccfaf4b05ce"
"checksum regex 1.3.9 (registry+https://github.com/rust-lang/crates.io-index)" = "9c3780fcf44b193bc4d09f36d2a3c87b251da4a046c87795a0d35f4f927ad8e6"
"checksum regex-syntax 0.6.18 (registry+https://github.com/rust-lang/crates.io-index)" = "26412eb97c6b088a6997e05f69403a802a92d520de2f8e63c2b65f9e0f47c4e8"
"checksum rodio 0.12.0 (git+https://github.com/YXL76/rodio?branch=dev)" = "<none>"
"checksum rustc-hash 1.1.0 (registry+https://github.com/rust-lang/crates.io-index)" = "08d43f7aa6b08d49f382cde6a7982047c3426db949b1424bc4b7ec9ae12c6ce2"
"checksum rustc_version 0.2.3 (registry+https://github.com/rust-lang/crates.io-index)" = "138e3e0acb6c9fb258b19b67cb8abd63c00679d2851805ea151465464fe9030a"
"checksum schannel 0.1.19 (registry+https://github.com/rust-lang/crates.io-index)" = "8f05ba609c234e60bee0d547fe94a4c7e9da733d1c962cf6e59efa4cd9c8bc75"
"checksum scopeguard 1.1.0 (registry+https://github.com/rust-lang/crates.io-index)" = "d29ab0c6d3fc0ee92fe66e2d99f700eab17a8d57d1c1d3b748380fb20baa78cd"
"checksum semver 0.9.0 (registry+https://github.com/rust-lang/crates.io-index)" = "1d7eb9ef2c18661902cc47e535f9bc51b78acd254da71d375c2f6720d9a40403"
"checksum semver-parser 0.7.0 (registry+https://github.com/rust-lang/crates.io-index)" = "388a1df253eca08550bef6c72392cfe7c30914bf41df5269b68cbd6ff8f570a3"
"checksum shlex 0.1.1 (registry+https://github.com/rust-lang/crates.io-index)" = "7fdf1b9db47230893d76faad238fd6097fd6d6a9245cd7a4d90dbd639536bbd2"
"checksum slice-deque 0.3.0 (registry+https://github.com/rust-lang/crates.io-index)" = "31ef6ee280cdefba6d2d0b4b78a84a1c1a3f3a4cec98c2d4231c8bc225de0f25"
"checksum smallvec 0.6.13 (registry+https://github.com/rust-lang/crates.io-index)" = "f7b0758c52e15a8b5e3691eae6cc559f08eee9406e548a4477ba4e67770a82b6"
"checksum socket2 0.3.15 (registry+https://github.com/rust-lang/crates.io-index)" = "b1fa70dc5c8104ec096f4fe7ede7a221d35ae13dcd19ba1ad9a81d2cab9a1c44"
"checksum stdweb 0.1.3 (registry+https://github.com/rust-lang/crates.io-index)" = "ef5430c8e36b713e13b48a9f709cc21e046723fe44ce34587b73a830203b533e"
"checksum syn 1.0.42 (registry+https://github.com/rust-lang/crates.io-index)" = "9c51d92969d209b54a98397e1b91c8ae82d8c87a7bb87df0b29aa2ad81454228"
"checksum thiserror 1.0.21 (registry+https://github.com/rust-lang/crates.io-index)" = "318234ffa22e0920fe9a40d7b8369b5f649d490980cf7aadcf1eb91594869b42"
"checksum thiserror-impl 1.0.21 (registry+https://github.com/rust-lang/crates.io-index)" = "cae2447b6282786c3493999f40a9be2a6ad20cb8bd268b0a0dbf5a065535c0ab"
"checksum thread_local 1.0.1 (registry+https://github.com/rust-lang/crates.io-index)" = "d40c6d1b69745a6ec6fb1ca717914848da4b44ae29d9b3080cbee91d72a69b14"
"checksum unicode-xid 0.2.1 (registry+https://github.com/rust-lang/crates.io-index)" = "f7fe0bb3479651439c9112f72b6c505038574c9fbb575ed1bf3b797fa39dd564"
"checksum vcpkg 0.2.10 (registry+https://github.com/rust-lang/crates.io-index)" = "6454029bf181f092ad1b853286f23e2c507d8e8194d01d92da4a55c274a5508c"
"checksum version_check 0.9.2 (registry+https://github.com/rust-lang/crates.io-index)" = "b5a972e5669d67ba988ce3dc826706fb0a8b01471c088cb0b6110b805cc36aed"
"checksum void 1.0.2 (registry+https://github.com/rust-lang/crates.io-index)" = "6a02e4885ed3bc0f2de90ea6dd45ebcbb66dacffe03547fadbb0eeae2770887d"
"checksum wasm-bindgen 0.2.68 (registry+https://github.com/rust-lang/crates.io-index)" = "1ac64ead5ea5f05873d7c12b545865ca2b8d28adfc50a49b84770a3a97265d42"
"checksum wasm-bindgen-backend 0.2.68 (registry+https://github.com/rust-lang/crates.io-index)" = "f22b422e2a757c35a73774860af8e112bff612ce6cb604224e8e47641a9e4f68"
"checksum wasm-bindgen-macro 0.2.68 (registry+https://github.com/rust-lang/crates.io-index)" = "6b13312a745c08c469f0b292dd2fcd6411dba5f7160f593da6ef69b64e407038"
"checksum wasm-bindgen-macro-support 0.2.68 (registry+https://github.com/rust-lang/crates.io-index)" = "f249f06ef7ee334cc3b8ff031bfc11ec99d00f34d86da7498396dc1e3b1498fe"
"checksum wasm-bindgen-shared 0.2.68 (registry+https://github.com/rust-lang/crates.io-index)" = "1d649a3145108d7d3fbcde896a468d1bd636791823c9921135218ad89be08307"
"checksum web-sys 0.3.45 (registry+https://github.com/rust-lang/crates.io-index)" = "4bf6ef87ad7ae8008e15a355ce696bed26012b7caa21605188cfd8214ab51e2d"
"checksum winapi 0.3.9 (registry+https://github.com/rust-lang/crates.io-index)" = "5c839a674fcd7a98952e593242ea400abe93992746761e38641405d28b00f419"
"checksum winapi-i686-pc-windows-gnu 0.4.0 (registry+https://github.com/rust-lang/crates.io-index)" = "ac3b87c63620426dd9b991e5ce0329eff545bccbbb34f3be09ff6fb6ab51b7b6"
"checksum winapi-x86_64-pc-windows-gnu 0.4.0 (registry+https://github.com/rust-lang/crates.io-index)" = "712e227841d057c1ee1cd2fb22fa7e5a5461ae8e48fa2ca79ec42cfc1931183f"
"checksum x11 2.18.2 (registry+https://github.com/rust-lang/crates.io-index)" = "77ecd092546cb16f25783a5451538e73afc8d32e242648d54f4ae5459ba1e773"
